
Microsoft Visual Studio Solution File, Format Version 12.00
# Visual Studio Version 17
VisualStudioVersion = 17.3.32929.385
MinimumVisualStudioVersion = 10.0.40219.1
Project("{FAE04EC0-301F-11D3-BF4B-00C04F79EFBC}") = "TP02", "TP02.csproj", "{4567ABBB-6835-4E46-B8E6-2BBEE2F219DF}"
EndProject
Project("{2150E333-8FDC-42A3-9474-1A3956D46DE8}") = "Solution Items", "Solution Items", "{8FAD18E0-4D4C-4AEB-A09A-090491A41A43}"
	ProjectSection(SolutionItems) = preProject
		.editorconfig = .editorconfig
	EndProjectSection
EndProject
Global
	GlobalSection(SolutionConfigurationPlatforms) = preSolution
		Debug|Any CPU = Debug|Any CPU
		Release|Any CPU = Release|Any CPU
	EndGlobalSection
	GlobalSection(ProjectConfigurationPlatforms) = postSolution
		{4567ABBB-6835-4E46-B8E6-2BBEE2F219DF}.Debug|Any CPU.ActiveCfg = Debug|Any CPU
		{4567ABBB-6835-4E46-B8E6-2BBEE2F219DF}.Debug|Any CPU.Build.0 = Debug|Any CPU
		{4567ABBB-6835-4E46-B8E6-2BBEE2F219DF}.Release|Any CPU.ActiveCfg = Release|Any CPU
		{4567ABBB-6835-4E46-B8E6-2BBEE2F219DF}.Release|Any CPU.Build.0 = Release|Any CPU
	EndGlobalSection
	GlobalSection(SolutionProperties) = preSolution
		HideSolutionNode = FALSE
	EndGlobalSection
	GlobalSection(ExtensibilityGlobals) = postSolution
		SolutionGuid = {8F038CEB-0BD9-47E6-BDE2-A4CE95D50675}
	EndGlobalSection
EndGlobal
